// !$*UTF8*$!
{
	archiveVersion = 1;
	classes = {
	};
	objectVersion = 46;
	objects = {

/* Begin PBXBuildFile section */
		E8FCF1F81DFE53DB005D7812 /* AppDelegate.swift in Sources */ = {isa = PBXBuildFile; fileRef = E8FCF1F71DFE53DB005D7812 /* AppDelegate.swift */; };
		E8FCF1FA1DFE53DB005D7812 /* ViewController.swift in Sources */ = {isa = PBXBuildFile; fileRef = E8FCF1F91DFE53DB005D7812 /* ViewController.swift */; };
		E8FCF1FD1DFE53DB005D7812 /* Main.storyboard in Resources */ = {isa = PBXBuildFile; fileRef = E8FCF1FB1DFE53DB005D7812 /* Main.storyboard */; };
		E8FCF1FF1DFE53DB005D7812 /* Assets.xcassets in Resources */ = {isa = PBXBuildFile; fileRef = E8FCF1FE1DFE53DB005D7812 /* Assets.xcassets */; };
		E8FCF2021DFE53DB005D7812 /* LaunchScreen.storyboard in Resources */ = {isa = PBXBuildFile; fileRef = E8FCF2001DFE53DB005D7812 /* LaunchScreen.storyboard */; };
/* End PBXBuildFile section */

/* Begin PBXFileReference section */
		E8FCF1F41DFE53DB005D7812 /* SimpleTimer(swift).app */ = {isa = PBXFileReference; explicitFileType = wrapper.application; includeInIndex = 0; path = "SimpleTimer(swift).app"; sourceTree = BUILT_PRODUCTS_DIR; };
		E8FCF1F71DFE53DB005D7812 /* AppDelegate.swift */ = {isa = PBXFileReference; lastKnownFileType = sourcecode.swift; path = AppDelegate.swift; sourceTree = "<group>"; };
		E8FCF1F91DFE53DB005D7812 /* ViewController.swift */ = {isa = PBXFileReference; lastKnownFileType = sourcecode.swift; path = ViewController.swift; sourceTree = "<group>"; };
		E8FCF1FC1DFE53DB005D7812 /* Base */ = {isa = PBXFileReference; lastKnownFileType = file.storyboard; name = Base; path = Base.lproj/Main.storyboard; sourceTree = "<group>"; };
		E8FCF1FE1DFE53DB005D7812 /* Assets.xcassets */ = {isa = PBXFileReference; lastKnownFileType = folder.assetcatalog; path = Assets.xcassets; sourceTree = "<group>"; };
		E8FCF2011DFE53DB005D7812 /* Base */ = {isa = PBXFileReference; lastKnownFileType = file.storyboard; name = Base; path = Base.lproj/LaunchScreen.storyboard; sourceTree = "<group>"; };
		E8FCF2031DFE53DB005D7812 /* Info.plist */ = {isa = PBXFileReference; lastKnownFileType = text.plist.xml; path = Info.plist; sourceTree = "<group>"; };
/* End PBXFileReference section */

/* Begin PBXFrameworksBuildPhase section */
		E8FCF1F11DFE53DB005D7812 /* Frameworks */ = {
			isa = PBXFrameworksBuildPhase;
			buildActionMask = 2147483647;
			files = (
			);
			runOnlyForDeploymentPostprocessing = 0;
		};
/* End PBXFrameworksBuildPhase section */

/* Begin PBXGroup section */
		E8FCF1EB1DFE53DB005D7812 = {
			isa = PBXGroup;
			children = (
				E8FCF1F61DFE53DB005D7812 /* SimpleTimer(swift) */,
				E8FCF1F51DFE53DB005D7812 /* Products */,
			);
			sourceTree = "<group>";
		};
		E8FCF1F51DFE53DB005D7812 /* Products */ = {
			isa = PBXGroup;
			children = (
				E8FCF1F41DFE53DB005D7812 /* SimpleTimer(swift).app */,
			);
			name = Products;
			sourceTree = "<group>";
		};
		E8FCF1F61DFE53DB005D7812 /* SimpleTimer(swift) */ = {
			isa = PBXGroup;
			children = (
				E8FCF1F71DFE53DB005D7812 /* AppDelegate.swift */,
				E8FCF1F91DFE53DB005D7812 /* ViewController.swift */,
				E8FCF1FB1DFE53DB005D7812 /* Main.storyboard */,
				E8FCF1FE1DFE53DB005D7812 /* Assets.xcassets */,
				E8FCF2001DFE53DB005D7812 /* LaunchScreen.storyboard */,
				E8FCF2031DFE53DB005D7812 /* Info.plist */,
			);
			path = "SimpleTimer(swift)";
			sourceTree = "<group>";
		};
/* End PBXGroup section */

/* Begin PBXNativeTarget section */
		E8FCF1F31DFE53DB005D7812 /* SimpleTimer(swift) */ = {
			isa = PBXNativeTarget;
			buildConfigurationList = E8FCF2061DFE53DB005D7812 /* Build configuration list for PBXNativeTarget "SimpleTimer(swift)" */;
			buildPhases = (
				E8FCF1F01DFE53DB005D7812 /* Sources */,
				E8FCF1F11DFE53DB005D7812 /* Frameworks */,
				E8FCF1F21DFE53DB005D7812 /* Resources */,
			);
			buildRules = (
			);
			dependencies = (
			);
			name = "SimpleTimer(swift)";
			productName = "SimpleTimer(swift)";
			productReference = E8FCF1F41DFE53DB005D7812 /* SimpleTimer(swift).app */;
			productType = "com.apple.product-type.application";
		};
/* End PBXNativeTarget section */

/* Begin PBXProject section */
		E8FCF1EC1DFE53DB005D7812 /* Project object */ = {
			isa = PBXProject;
			attributes = {
				LastSwiftUpdateCheck = 0810;
				LastUpgradeCheck = 0810;
				ORGANIZATIONNAME = AlexW;
				TargetAttributes = {
					E8FCF1F31DFE53DB005D7812 = {
						CreatedOnToolsVersion = 8.1;
						ProvisioningStyle = Automatic;
					};
				};
			};
			buildConfigurationList = E8FCF1EF1DFE53DB005D7812 /* Build configuration list for PBXProject "SimpleTimer(swift)" */;
			compatibilityVersion = "Xcode 3.2";
			developmentRegion = English;
			hasScannedForEncodings = 0;
			knownRegions = (
				en,
				Base,
			);
			mainGroup = E8FCF1EB1DFE53DB005D7812;
			productRefGroup = E8FCF1F51DFE53DB005D7812 /* Products */;
			projectDirPath = "";
			projectRoot = "";
			targets = (
				E8FCF1F31DFE53DB005D7812 /* SimpleTimer(swift) */,
			);
		};
/* End PBXProject section */

/* Begin PBXResourcesBuildPhase section */
		E8FCF1F21DFE53DB005D7812 /* Resources */ = {
			isa = PBXResourcesBuildPhase;
			buildActionMask = 2147483647;
			files = (
				E8FCF2021DFE53DB005D7812 /* LaunchScreen.storyboard in Resources */,
				E8FCF1FF1DFE53DB005D7812 /* Assets.xcassets in Resources */,
				E8FCF1FD1DFE53DB005D7812 /* Main.storyboard in Resources */,
			);
			runOnlyForDeploymentPostprocessing = 0;
		};
/* End PBXResourcesBuildPhase section */

/* Begin PBXSourcesBuildPhase section */
		E8FCF1F01DFE53DB005D7812 /* Sources */ = {
			isa = PBXSourcesBuildPhase;
			buildActionMask = 2147483647;
			files = (
				E8FCF1FA1DFE53DB005D7812 /* ViewController.swift in Sources */,
				E8FCF1F81DFE53DB005D7812 /* AppDelegate.swift in Sources */,
			);
			runOnlyForDeploymentPostprocessing = 0;
		};
/* End PBXSourcesBuildPhase section */

/* Begin PBXVariantGroup section */
		E8FCF1FB1DFE53DB005D7812 /* Main.storyboard */ = {
			isa = PBXVariantGroup;
			children = (
				E8FCF1FC1DFE53DB005D7812 /* Base */,
			);
			name = Main.storyboard;
			sourceTree = "<group>";
		};
		E8FCF2001DFE53DB005D7812 /* LaunchScreen.storyboard */ = {
			isa = PBXVariantGroup;
			children = (
				E8FCF2011DFE53DB005D7812 /* Base */,
			);
			name = LaunchScreen.storyboard;
			sourceTree = "<group>";
		};
/* End PBXVariantGroup section */

/* Begin XCBuildConfiguration section */
		E8FCF2041DFE53DB005D7812 /* Debug */ = {
			isa = XCBuildConfiguration;
			buildSettings = {
				ALWAYS_SEARCH_USER_PATHS = NO;
				CLANG_ANALYZER_NONNULL = YES;
				CLANG_CXX_LANGUAGE_STANDARD = "gnu++0x";
				CLANG_CXX_LIBRARY = "libc++";
				CLANG_ENABLE_MODULES = YES;
				CLANG_ENABLE_OBJC_ARC = YES;
				CLANG_WARN_BOOL_CONVERSION = YES;
				CLANG_WARN_CONSTANT_CONVERSION = YES;
				CLANG_WARN_DIRECT_OBJC_ISA_USAGE = YES_ERROR;
				CLANG_WARN_DOCUMENTATION_COMMENTS = YES;
				CLANG_WARN_EMPTY_BODY = YES;
				CLANG_WARN_ENUM_CONVERSION = YES;
				CLANG_WARN_INFINITE_RECURSION = YES;
				CLANG_WARN_INT_CONVERSION = YES;
				CLANG_WARN_OBJC_ROOT_CLASS = YES_ERROR;
				CLANG_WARN_SUSPICIOUS_MOVES = YES;
				CLANG_WARN_UNREACHABLE_CODE = YES;
				CLANG_WARN__DUPLICATE_METHOD_MATCH = YES;
				"CODE_SIGN_IDENTITY[sdk=iphoneos*]" = "iPhone Developer";
				COPY_PHASE_STRIP = NO;
				DEBUG_INFORMATION_FORMAT = dwarf;
				ENABLE_STRICT_OBJC_MSGSEND = YES;
				ENABLE_TESTABILITY = YES;
				GCC_C_LANGUAGE_STANDARD = gnu99;
				GCC_DYNAMIC_NO_PIC = NO;
				GCC_NO_COMMON_BLOCKS = YES;
				GCC_OPTIMIZATION_LEVEL = 0;
				GCC_PREPROCESSOR_DEFINITIONS = (
					"DEBUG=1",
					"$(inherited)",
				);
				GCC_WARN_64_TO_32_BIT_CONVERSION = YES;
				GCC_WARN_ABOUT_RETURN_TYPE = YES_ERROR;
				GCC_WARN_UNDECLARED_SELECTOR = YES;
				GCC_WARN_UNINITIALIZED_AUTOS = YES_AGGRESSIVE;
				GCC_WARN_UNUSED_FUNCTION = YES;
				GCC_WARN_UNUSED_VARIABLE = YES;
				IPHONEOS_DEPLOYMENT_TARGET = 10.1;
				MTL_ENABLE_DEBUG_INFO = YES;
				ONLY_ACTIVE_ARCH = YES;
				SDKROOT = iphoneos;
				SWIFT_ACTIVE_COMPILATION_CONDITIONS = DEBUG;
				SWIFT_OPTIMIZATION_LEVEL = "-Onone";
			};
			name = Debug;
		};
		E8FCF2051DFE53DB005D7812 /* Release */ = {
			isa = XCBuildConfiguration;
			buildSettings = {
				ALWAYS_SEARCH_USER_PATHS = NO;
				CLANG_ANALYZER_NONNULL = YES;
				CLANG_CXX_LANGUAGE_STANDARD = "gnu++0x";
				CLANG_CXX_LIBRARY = "libc++";
				CLANG_ENABLE_MODULES = YES;
				CLANG_ENABLE_OBJC_ARC = YES;
				CLANG_WARN_BOOL_CONVERSION = YES;
				CLANG_WARN_CONSTANT_CONVERSION = YES;
				CLANG_WARN_DIRECT_OBJC_ISA_USAGE = YES_ERROR;
				CLANG_WARN_DOCUMENTATION_COMMENTS = YES;
				CLANG_WARN_EMPTY_BODY = YES;
				CLANG_WARN_ENUM_CONVERSION = YES;
				CLANG_WARN_INFINITE_RECURSION = YES;
				CLANG_WARN_INT_CONVERSION = YES;
				CLANG_WARN_OBJC_ROOT_CLASS = YES_ERROR;
				CLANG_WARN_SUSPICIOUS_MOVES = YES;
				CLANG_WARN_UNREACHABLE_CODE = YES;
				CLANG_WARN__DUPLICATE_METHOD_MATCH = YES;
				"CODE_SIGN_IDENTITY[sdk=iphoneos*]" = "iPhone Developer";
				COPY_PHASE_STRIP = NO;
				DEBUG_INFORMATION_FORMAT = "dwarf-with-dsym";
				ENABLE_NS_ASSERTIONS = NO;
				ENABLE_STRICT_OBJC_MSGSEND = YES;
				GCC_C_LANGUAGE_STANDARD = gnu99;
				GCC_NO_COMMON_BLOCKS = YES;
				GCC_WARN_64_TO_32_BIT_CONVERSION = YES;
				GCC_WARN_ABOUT_RETURN_TYPE = YES_ERROR;
				GCC_WARN_UNDECLARED_SELECTOR = YES;
				GCC_WARN_UNINITIALIZED_AUTOS = YES_AGGRESSIVE;
				GCC_WARN_UNUSED_FUNCTION = YES;
				GCC_WARN_UNUSED_VARIABLE = YES;
				IPHONEOS_DEPLOYMENT_TARGET = 10.1;
				MTL_ENABLE_DEBUG_INFO = NO;
				SDKROOT = iphoneos;
				SWIFT_OPTIMIZATION_LEVEL = "-Owholemodule";
				VALIDATE_PRODUCT = YES;
			};
			name = Release;
		};
		E8FCF2071DFE53DB005D7812 /* Debug */ = {
			isa = XCBuildConfiguration;
			buildSettings = {
				ASSETCATALOG_COMPILER_APPICON_NAME = AppIcon;
				INFOPLIST_FILE = "SimpleTimer(swift)/Info.plist";
				LD_RUNPATH_SEARCH_PATHS = "$(inherited) @executable_path/Frameworks";
				PRODUCT_BUNDLE_IDENTIFIER = "alexw.practice.SimpleTimer-swift-";
				PRODUCT_NAME = "$(TARGET_NAME)";
				SWIFT_VERSION = 3.0;
			};
			name = Debug;
		};
		E8FCF2081DFE53DB005D7812 /* Release */ = {
			isa = XCBuildConfiguration;
			buildSettings = {
				ASSETCATALOG_COMPILER_APPICON_NAME = AppIcon;
				INFOPLIST_FILE = "SimpleTimer(swift)/Info.plist";
				LD_RUNPATH_SEARCH_PATHS = "$(inherited) @executable_path/Frameworks";
				PRODUCT_BUNDLE_IDENTIFIER = "alexw.practice.SimpleTimer-swift-";
				PRODUCT_NAME = "$(TARGET_NAME)";
				SWIFT_VERSION = 3.0;
			};
			name = Release;
		};
/* End XCBuildConfiguration section */

/* Begin XCConfigurationList section */
		E8FCF1EF1DFE53DB005D7812 /* Build configuration list for PBXProject "SimpleTimer(swift)" */ = {
			isa = XCConfigurationList;
			buildConfigurations = (
				E8FCF2041DFE53DB005D7812 /* Debug */,
				E8FCF2051DFE53DB005D7812 /* Release */,
			);
			defaultConfigurationIsVisible = 0;
			defaultConfigurationName = Release;
		};
		E8FCF2061DFE53DB005D7812 /* Build configuration list for PBXNativeTarget "SimpleTimer(swift)" */ = {
			isa = XCConfigurationList;
			buildConfigurations = (
				E8FCF2071DFE53DB005D7812 /* Debug */,
				E8FCF2081DFE53DB005D7812 /* Release */,
			);
			defaultConfigurationIsVisible = 0;
		};
/* End XCConfigurationList section */
	};
	rootObject = E8FCF1EC1DFE53DB005D7812 /* Project object */;
}
